
Microsoft Visual Studio Solution File, Format Version 12.00
# Visual Studio Version 16
VisualStudioVersion = 16.0.29806.167
MinimumVisualStudioVersion = 10.0.40219.1
Project("{9A19103F-16F7-4668-BE54-9A1E7A4F7556}") = "Codewar", "Codewar\Codewar.csproj", "{9BBD266C-A7DE-4376-A5F3-2F80FF13FB58}"
EndProject
Project("{9A19103F-16F7-4668-BE54-9A1E7A4F7556}") = "Codewar2", "Codewar2\Codewar2.csproj", "{A1D88C42-6E03-43FB-8D75-707AD90A9957}"
EndProject
Project("{9A19103F-16F7-4668-BE54-9A1E7A4F7556}") = "Codewar3", "Codewar3\Codewar3.csproj", "{710FF6B5-1AB3-4D76-BEB4-F6A0D2DF7E95}"
EndProject
Project("{9A19103F-16F7-4668-BE54-9A1E7A4F7556}") = "Codewar4", "Codewar4\Codewar4.csproj", "{62D29CF2-12C7-4D44-80FD-357D0121600E}"
EndProject
Project("{9A19103F-16F7-4668-BE54-9A1E7A4F7556}") = "Codewar5", "Codewar5\Codewar5.csproj", "{677ED39A-C0CF-4BC5-873D-89CDF9BD30B6}"
EndProject
Project("{9A19103F-16F7-4668-BE54-9A1E7A4F7556}") = "Codewar5Test", "Codewar5Test\Codewar5Test.csproj", "{AA1A64A2-FE86-41BB-894E-7D614595B7F4}"
EndProject
Project("{9A19103F-16F7-4668-BE54-9A1E7A4F7556}") = "SumMixArray", "SumMixArray\SumMixArray.csproj", "{0E0A0B3C-9408-41D3-B3A1-8665B4FF2EF1}"
EndProject
Project("{9A19103F-16F7-4668-BE54-9A1E7A4F7556}") = "SumMixArrayTest", "SumMixArrayTest\SumMixArrayTest.csproj", "{EBF34DAB-2921-4E77-9A5D-83124DC974FB}"
EndProject
Project("{9A19103F-16F7-4668-BE54-9A1E7A4F7556}") = "LongestString", "LongestString\LongestString.csproj", "{37EEC960-45EE-4198-AF89-810A1197C234}"
EndProject
Project("{9A19103F-16F7-4668-BE54-9A1E7A4F7556}") = "LongestStringTest", "LongestStringTest\LongestStringTest.csproj", "{F9CCDF8B-9D2B-4F64-84DD-36B3EFEB3DA8}"
EndProject
Project("{9A19103F-16F7-4668-BE54-9A1E7A4F7556}") = "FineSum", "FineSum\FineSum.csproj", "{1B6970BC-F32D-4A78-B039-A1672B42F8D8}"
EndProject
Project("{9A19103F-16F7-4668-BE54-9A1E7A4F7556}") = "FineSumTest", "FineSumTest\FineSumTest.csproj", "{69F524DD-4AD8-4672-865B-F88464E06F5A}"
EndProject
Project("{FAE04EC0-301F-11D3-BF4B-00C04F79EFBC}") = "ReverseWords", "ReverseWords\ReverseWords.csproj", "{3CE418CC-5B8C-4EA1-9E45-2C79F6781FA6}"
EndProject
Project("{FAE04EC0-301F-11D3-BF4B-00C04F79EFBC}") = "Multiplier", "Multiplier\Multiplier.csproj", "{B691B9DE-FF3D-4B02-A718-9578A54CB5A8}"
EndProject
Project("{FAE04EC0-301F-11D3-BF4B-00C04F79EFBC}") = "MultiplierTest", "MultiplierTest\MultiplierTest.csproj", "{DE386224-85F5-4CBD-94E3-67AABEE9F7FC}"
EndProject
Global
	GlobalSection(SolutionConfigurationPlatforms) = preSolution
		Debug|Any CPU = Debug|Any CPU
		Release|Any CPU = Release|Any CPU
	EndGlobalSection
	GlobalSection(ProjectConfigurationPlatforms) = postSolution
		{9BBD266C-A7DE-4376-A5F3-2F80FF13FB58}.Debug|Any CPU.ActiveCfg = Debug|Any CPU
		{9BBD266C-A7DE-4376-A5F3-2F80FF13FB58}.Debug|Any CPU.Build.0 = Debug|Any CPU
		{9BBD266C-A7DE-4376-A5F3-2F80FF13FB58}.Release|Any CPU.ActiveCfg = Release|Any CPU
		{9BBD266C-A7DE-4376-A5F3-2F80FF13FB58}.Release|Any CPU.Build.0 = Release|Any CPU
		{A1D88C42-6E03-43FB-8D75-707AD90A9957}.Debug|Any CPU.ActiveCfg = Debug|Any CPU
		{A1D88C42-6E03-43FB-8D75-707AD90A9957}.Debug|Any CPU.Build.0 = Debug|Any CPU
		{A1D88C42-6E03-43FB-8D75-707AD90A9957}.Release|Any CPU.ActiveCfg = Release|Any CPU
		{A1D88C42-6E03-43FB-8D75-707AD90A9957}.Release|Any CPU.Build.0 = Release|Any CPU
		{710FF6B5-1AB3-4D76-BEB4-F6A0D2DF7E95}.Debug|Any CPU.ActiveCfg = Debug|Any CPU
		{710FF6B5-1AB3-4D76-BEB4-F6A0D2DF7E95}.Debug|Any CPU.Build.0 = Debug|Any CPU
		{710FF6B5-1AB3-4D76-BEB4-F6A0D2DF7E95}.Release|Any CPU.ActiveCfg = Release|Any CPU
		{710FF6B5-1AB3-4D76-BEB4-F6A0D2DF7E95}.Release|Any CPU.Build.0 = Release|Any CPU
		{62D29CF2-12C7-4D44-80FD-357D0121600E}.Debug|Any CPU.ActiveCfg = Debug|Any CPU
		{62D29CF2-12C7-4D44-80FD-357D0121600E}.Debug|Any CPU.Build.0 = Debug|Any CPU
		{62D29CF2-12C7-4D44-80FD-357D0121600E}.Release|Any CPU.ActiveCfg = Release|Any CPU
		{62D29CF2-12C7-4D44-80FD-357D0121600E}.Release|Any CPU.Build.0 = Release|Any CPU
		{677ED39A-C0CF-4BC5-873D-89CDF9BD30B6}.Debug|Any CPU.ActiveCfg = Debug|Any CPU
		{677ED39A-C0CF-4BC5-873D-89CDF9BD30B6}.Debug|Any CPU.Build.0 = Debug|Any CPU
		{677ED39A-C0CF-4BC5-873D-89CDF9BD30B6}.Release|Any CPU.ActiveCfg = Release|Any CPU
		{677ED39A-C0CF-4BC5-873D-89CDF9BD30B6}.Release|Any CPU.Build.0 = Release|Any CPU
		{AA1A64A2-FE86-41BB-894E-7D614595B7F4}.Debug|Any CPU.ActiveCfg = Debug|Any CPU
		{AA1A64A2-FE86-41BB-894E-7D614595B7F4}.Debug|Any CPU.Build.0 = Debug|Any CPU
		{AA1A64A2-FE86-41BB-894E-7D614595B7F4}.Release|Any CPU.ActiveCfg = Release|Any CPU
		{AA1A64A2-FE86-41BB-894E-7D614595B7F4}.Release|Any CPU.Build.0 = Release|Any CPU
		{0E0A0B3C-9408-41D3-B3A1-8665B4FF2EF1}.Debug|Any CPU.ActiveCfg = Debug|Any CPU
		{0E0A0B3C-9408-41D3-B3A1-8665B4FF2EF1}.Debug|Any CPU.Build.0 = Debug|Any CPU
		{0E0A0B3C-9408-41D3-B3A1-8665B4FF2EF1}.Release|Any CPU.ActiveCfg = Release|Any CPU
		{0E0A0B3C-9408-41D3-B3A1-8665B4FF2EF1}.Release|Any CPU.Build.0 = Release|Any CPU
		{EBF34DAB-2921-4E77-9A5D-83124DC974FB}.Debug|Any CPU.ActiveCfg = Debug|Any CPU
		{EBF34DAB-2921-4E77-9A5D-83124DC974FB}.Debug|Any CPU.Build.0 = Debug|Any CPU
		{EBF34DAB-2921-4E77-9A5D-83124DC974FB}.Release|Any CPU.ActiveCfg = Release|Any CPU
		{EBF34DAB-2921-4E77-9A5D-83124DC974FB}.Release|Any CPU.Build.0 = Release|Any CPU
		{37EEC960-45EE-4198-AF89-810A1197C234}.Debug|Any CPU.ActiveCfg = Debug|Any CPU
		{37EEC960-45EE-4198-AF89-810A1197C234}.Debug|Any CPU.Build.0 = Debug|Any CPU
		{37EEC960-45EE-4198-AF89-810A1197C234}.Release|Any CPU.ActiveCfg = Release|Any CPU
		{37EEC960-45EE-4198-AF89-810A1197C234}.Release|Any CPU.Build.0 = Release|Any CPU
		{F9CCDF8B-9D2B-4F64-84DD-36B3EFEB3DA8}.Debug|Any CPU.ActiveCfg = Debug|Any CPU
		{F9CCDF8B-9D2B-4F64-84DD-36B3EFEB3DA8}.Debug|Any CPU.Build.0 = Debug|Any CPU
		{F9CCDF8B-9D2B-4F64-84DD-36B3EFEB3DA8}.Release|Any CPU.ActiveCfg = Release|Any CPU
		{F9CCDF8B-9D2B-4F64-84DD-36B3EFEB3DA8}.Release|Any CPU.Build.0 = Release|Any CPU
		{1B6970BC-F32D-4A78-B039-A1672B42F8D8}.Debug|Any CPU.ActiveCfg = Debug|Any CPU
		{1B6970BC-F32D-4A78-B039-A1672B42F8D8}.Debug|Any CPU.Build.0 = Debug|Any CPU
		{1B6970BC-F32D-4A78-B039-A1672B42F8D8}.Release|Any CPU.ActiveCfg = Release|Any CPU
		{1B6970BC-F32D-4A78-B039-A1672B42F8D8}.Release|Any CPU.Build.0 = Release|Any CPU
		{69F524DD-4AD8-4672-865B-F88464E06F5A}.Debug|Any CPU.ActiveCfg = Debug|Any CPU
		{69F524DD-4AD8-4672-865B-F88464E06F5A}.Debug|Any CPU.Build.0 = Debug|Any CPU
		{69F524DD-4AD8-4672-865B-F88464E06F5A}.Release|Any CPU.ActiveCfg = Release|Any CPU
		{69F524DD-4AD8-4672-865B-F88464E06F5A}.Release|Any CPU.Build.0 = Release|Any CPU
		{3CE418CC-5B8C-4EA1-9E45-2C79F6781FA6}.Debug|Any CPU.ActiveCfg = Debug|Any CPU
		{3CE418CC-5B8C-4EA1-9E45-2C79F6781FA6}.Debug|Any CPU.Build.0 = Debug|Any CPU
		{3CE418CC-5B8C-4EA1-9E45-2C79F6781FA6}.Release|Any CPU.ActiveCfg = Release|Any CPU
		{3CE418CC-5B8C-4EA1-9E45-2C79F6781FA6}.Release|Any CPU.Build.0 = Release|Any CPU
		{B691B9DE-FF3D-4B02-A718-9578A54CB5A8}.Debug|Any CPU.ActiveCfg = Debug|Any CPU
		{B691B9DE-FF3D-4B02-A718-9578A54CB5A8}.Debug|Any CPU.Build.0 = Debug|Any CPU
		{B691B9DE-FF3D-4B02-A718-9578A54CB5A8}.Release|Any CPU.ActiveCfg = Release|Any CPU
		{B691B9DE-FF3D-4B02-A718-9578A54CB5A8}.Release|Any CPU.Build.0 = Release|Any CPU
		{DE386224-85F5-4CBD-94E3-67AABEE9F7FC}.Debug|Any CPU.ActiveCfg = Debug|Any CPU
		{DE386224-85F5-4CBD-94E3-67AABEE9F7FC}.Debug|Any CPU.Build.0 = Debug|Any CPU
		{DE386224-85F5-4CBD-94E3-67AABEE9F7FC}.Release|Any CPU.ActiveCfg = Release|Any CPU
		{DE386224-85F5-4CBD-94E3-67AABEE9F7FC}.Release|Any CPU.Build.0 = Release|Any CPU
	EndGlobalSection
	GlobalSection(SolutionProperties) = preSolution
		HideSolutionNode = FALSE
	EndGlobalSection
	GlobalSection(ExtensibilityGlobals) = postSolution
		SolutionGuid = {BA573BD0-D5F2-486C-AC1A-1875CF89AFD8}
	EndGlobalSection
EndGlobal
